
Microsoft Visual Studio Solution File, Format Version 12.00
# Visual Studio Version 17
VisualStudioVersion = 17.14.36717.8 d17.14
MinimumVisualStudioVersion = 10.0.40219.1
Project("{FAE04EC0-301F-11D3-BF4B-00C04F79EFBC}") = "NewYearGarlandGuide", "NewYearGarlandGuide.csproj", "{54D9C70B-EE42-6843-710A-4F0A7FF6FD62}"
EndProject
Global
	GlobalSection(SolutionConfigurationPlatforms) = preSolution
		Debug|Any CPU = Debug|Any CPU
		Release|Any CPU = Release|Any CPU
	EndGlobalSection
	GlobalSection(ProjectConfigurationPlatforms) = postSolution
		{54D9C70B-EE42-6843-710A-4F0A7FF6FD62}.Debug|Any CPU.ActiveCfg = Debug|Any CPU
		{54D9C70B-EE42-6843-710A-4F0A7FF6FD62}.Debug|Any CPU.Build.0 = Debug|Any CPU
		{54D9C70B-EE42-6843-710A-4F0A7FF6FD62}.Release|Any CPU.ActiveCfg = Release|Any CPU
		{54D9C70B-EE42-6843-710A-4F0A7FF6FD62}.Release|Any CPU.Build.0 = Release|Any CPU
	EndGlobalSection
	GlobalSection(SolutionProperties) = preSolution
		HideSolutionNode = FALSE
	EndGlobalSection
	GlobalSection(ExtensibilityGlobals) = postSolution
		SolutionGuid = {02FB89B5-A893-4925-BD2B-0F2396ADF2CD}
	EndGlobalSection
EndGlobal
